
Microsoft Visual Studio Solution File, Format Version 12.00
# Visual Studio Version 17
VisualStudioVersion = 17.0.32014.148
MinimumVisualStudioVersion = 10.0.40219.1
Project("{FAE04EC0-301F-11D3-BF4B-00C04F79EFBC}") = "SalesOrder.Server", "Server\SalesOrder.Server.csproj", "{A32789C9-994A-421A-94B0-FD4451C9275E}"
EndProject
Project("{FAE04EC0-301F-11D3-BF4B-00C04F79EFBC}") = "SalesOrder.Client", "Client\SalesOrder.Client.csproj", "{F1221B73-B5F3-4EEF-A25C-E9C58FE627F8}"
EndProject
Project("{FAE04EC0-301F-11D3-BF4B-00C04F79EFBC}") = "SalesOrder.Shared", "Shared\SalesOrder.Shared.csproj", "{69C266FA-5C50-458F-8230-267144277BE5}"
EndProject
Project("{FAE04EC0-301F-11D3-BF4B-00C04F79EFBC}") = "BLL", "..\BLL\BLL.csproj", "{07329495-1148-4017-B630-1E3FD38D95D7}"
EndProject
Project("{FAE04EC0-301F-11D3-BF4B-00C04F79EFBC}") = "DAL", "..\DAL\DAL.csproj", "{B7B2B03B-E5FB-468B-AF32-230C91B0B9E1}"
EndProject
Global
	GlobalSection(SolutionConfigurationPlatforms) = preSolution
		Debug|Any CPU = Debug|Any CPU
		Release|Any CPU = Release|Any CPU
	EndGlobalSection
	GlobalSection(ProjectConfigurationPlatforms) = postSolution
		{A32789C9-994A-421A-94B0-FD4451C9275E}.Debug|Any CPU.ActiveCfg = Debug|Any CPU
		{A32789C9-994A-421A-94B0-FD4451C9275E}.Debug|Any CPU.Build.0 = Debug|Any CPU
		{A32789C9-994A-421A-94B0-FD4451C9275E}.Release|Any CPU.ActiveCfg = Release|Any CPU
		{A32789C9-994A-421A-94B0-FD4451C9275E}.Release|Any CPU.Build.0 = Release|Any CPU
		{F1221B73-B5F3-4EEF-A25C-E9C58FE627F8}.Debug|Any CPU.ActiveCfg = Debug|Any CPU
		{F1221B73-B5F3-4EEF-A25C-E9C58FE627F8}.Debug|Any CPU.Build.0 = Debug|Any CPU
		{F1221B73-B5F3-4EEF-A25C-E9C58FE627F8}.Release|Any CPU.ActiveCfg = Release|Any CPU
		{F1221B73-B5F3-4EEF-A25C-E9C58FE627F8}.Release|Any CPU.Build.0 = Release|Any CPU
		{69C266FA-5C50-458F-8230-267144277BE5}.Debug|Any CPU.ActiveCfg = Debug|Any CPU
		{69C266FA-5C50-458F-8230-267144277BE5}.Debug|Any CPU.Build.0 = Debug|Any CPU
		{69C266FA-5C50-458F-8230-267144277BE5}.Release|Any CPU.ActiveCfg = Release|Any CPU
		{69C266FA-5C50-458F-8230-267144277BE5}.Release|Any CPU.Build.0 = Release|Any CPU
		{07329495-1148-4017-B630-1E3FD38D95D7}.Debug|Any CPU.ActiveCfg = Debug|Any CPU
		{07329495-1148-4017-B630-1E3FD38D95D7}.Debug|Any CPU.Build.0 = Debug|Any CPU
		{07329495-1148-4017-B630-1E3FD38D95D7}.Release|Any CPU.ActiveCfg = Release|Any CPU
		{07329495-1148-4017-B630-1E3FD38D95D7}.Release|Any CPU.Build.0 = Release|Any CPU
		{B7B2B03B-E5FB-468B-AF32-230C91B0B9E1}.Debug|Any CPU.ActiveCfg = Debug|Any CPU
		{B7B2B03B-E5FB-468B-AF32-230C91B0B9E1}.Debug|Any CPU.Build.0 = Debug|Any CPU
		{B7B2B03B-E5FB-468B-AF32-230C91B0B9E1}.Release|Any CPU.ActiveCfg = Release|Any CPU
		{B7B2B03B-E5FB-468B-AF32-230C91B0B9E1}.Release|Any CPU.Build.0 = Release|Any CPU
	EndGlobalSection
	GlobalSection(SolutionProperties) = preSolution
		HideSolutionNode = FALSE
	EndGlobalSection
	GlobalSection(ExtensibilityGlobals) = postSolution
		SolutionGuid = {7CB8BDB8-1278-4E50-BCCC-E1AC83E0C205}
	EndGlobalSection
EndGlobal
